
Microsoft Visual Studio Solution File, Format Version 12.00
Project("{FAE04EC0-301F-11D3-BF4B-00C04F79EFBC}") = "Progra1 Bases", "Progra1 Bases\Progra1 Bases.csproj", "{4E7864C5-25BE-42DF-974F-077671053A6C}"
EndProject
Global
	GlobalSection(SolutionConfigurationPlatforms) = preSolution
		Debug|Any CPU = Debug|Any CPU
		Release|Any CPU = Release|Any CPU
	EndGlobalSection
	GlobalSection(ProjectConfigurationPlatforms) = postSolution
		{4E7864C5-25BE-42DF-974F-077671053A6C}.Debug|Any CPU.ActiveCfg = Debug|Any CPU
		{4E7864C5-25BE-42DF-974F-077671053A6C}.Debug|Any CPU.Build.0 = Debug|Any CPU
		{4E7864C5-25BE-42DF-974F-077671053A6C}.Release|Any CPU.ActiveCfg = Release|Any CPU
		{4E7864C5-25BE-42DF-974F-077671053A6C}.Release|Any CPU.Build.0 = Release|Any CPU
	EndGlobalSection
EndGlobal
